<?xml version="1.0" encoding="utf-8"?>
<Project ToolsVersion="4.0" xmlns="http://schemas.microsoft.com/developer/msbuild/2003">
  <ItemGroup>
    <Filter Include="Source Files">
      <UniqueIdentifier>{4FC737F1-C7A5-4376-A066-2A32D752A2FF}</UniqueIdentifier>
      <Extensions>cpp;c;cc;cxx;c++;cppm;ixx;def;odl;idl;hpj;bat;asm;asmx</Extensions>
    </Filter>
    <Filter Include="Header Files">
      <UniqueIdentifier>{93995380-89BD-4b04-88EB-625FBE52EBFB}</UniqueIdentifier>
      <Extensions>h;hh;hpp;hxx;h++;hm;inl;inc;ipp;xsd</Extensions>
    </Filter>
    <Filter Include="Resource Files">
      <UniqueIdentifier>{67DA6AB6-F800-4c08-8B7A-83BB121AAD01}</UniqueIdentifier>
      <Extensions>rc;ico;cur;bmp;dlg;rc2;rct;bin;rgs;gif;jpg;jpeg;jpe;resx;tiff;tif;png;wav;mfcribbon-ms</Extensions>
    </Filter>
  </ItemGroup>
  <ItemGroup>
    <ClCompile Include="main.c">
      <Filter>Source Files</Filter>
    </ClCompile>
    <ClCompile Include="glad.c">
      <Filter>Source Files</Filter>
    </ClCompile>
    <ClCompile Include="GameObjects\game_object.c">
      <Filter>Source Files</Filter>
    </ClCompile>
    <ClCompile Include="Camera\camera.c">
      <Filter>Source Files</Filter>
    </ClCompile>
    <ClCompile Include="Glm2\mat3.c">
      <Filter>Source Files</Filter>
    </ClCompile>
    <ClCompile Include="Glm2\mat4.c">
      <Filter>Source Files</Filter>
    </ClCompile>
    <ClCompile Include="Glm2\quaternion.c">
      <Filter>Source Files</Filter>
    </ClCompile>
    <ClCompile Include="Glm2\vec3.c">
      <Filter>Source Files</Filter>
    </ClCompile>
    <ClCompile Include="Glm2\vec4.c">
      <Filter>Source Files</Filter>
    </ClCompile>
    <ClCompile Include="Renderer\renderer.c">
      <Filter>Source Files</Filter>
    </ClCompile>
    <ClCompile Include="Renderer\Shader\shader.c">
      <Filter>Source Files</Filter>
    </ClCompile>
    <ClCompile Include="Renderer\Texture\stb_image.c">
      <Filter>Source Files</Filter>
    </ClCompile>
    <ClCompile Include="Renderer\Texture\texture_handler.c">
      <Filter>Source Files</Filter>
    </ClCompile>
    <ClCompile Include="GameObjects\Player\player.c">
      <Filter>Source Files</Filter>
    </ClCompile>
    <ClCompile Include="Renderer\Window\window.c">
      <Filter>Source Files</Filter>
    </ClCompile>
    <ClCompile Include="Input\input.c">
      <Filter>Source Files</Filter>
    </ClCompile>
    <ClCompile Include="Input\event_queue.c">
      <Filter>Source Files</Filter>
    </ClCompile>
    <ClCompile Include="Physics\physics.c">
      <Filter>Source Files</Filter>
    </ClCompile>
    <ClCompile Include="GameObjects\Track\track_handler.c">
      <Filter>Source Files</Filter>
    </ClCompile>
    <ClCompile Include="Renderer\Fonts\fonts.c">
      <Filter>Source Files</Filter>
    </ClCompile>
    <ClCompile Include="UI\ui.c">
      <Filter>Source Files</Filter>
    </ClCompile>
    <ClCompile Include="UI\Text\text.c">
      <Filter>Source Files</Filter>
    </ClCompile>
    <ClCompile Include="UI\Image\image.c">
      <Filter>Source Files</Filter>
    </ClCompile>
    <ClCompile Include="UI\Canvas\canvas.c">
      <Filter>Source Files</Filter>
    </ClCompile>
    <ClCompile Include="GameLoop\game_loop.c">
      <Filter>Source Files</Filter>
    </ClCompile>
    <ClCompile Include="UI\Button\button.c">
      <Filter>Source Files</Filter>
    </ClCompile>
    <ClCompile Include="GameManager\game_manager.c">
      <Filter>Source Files</Filter>
    </ClCompile>
  </ItemGroup>
  <ItemGroup>
    <ClInclude Include="GameObjects\game_object.h">
      <Filter>Header Files</Filter>
    </ClInclude>
    <ClInclude Include="Camera\camera.h">
      <Filter>Header Files</Filter>
    </ClInclude>
    <ClInclude Include="Glm2\mat3.h">
      <Filter>Header Files</Filter>
    </ClInclude>
    <ClInclude Include="Glm2\mat4.h">
      <Filter>Header Files</Filter>
    </ClInclude>
    <ClInclude Include="Glm2\quaternion.h">
      <Filter>Header Files</Filter>
    </ClInclude>
    <ClInclude Include="Glm2\vec3.h">
      <Filter>Header Files</Filter>
    </ClInclude>
    <ClInclude Include="Glm2\vec4.h">
      <Filter>Header Files</Filter>
    </ClInclude>
    <ClInclude Include="Renderer\renderer.h">
      <Filter>Header Files</Filter>
    </ClInclude>
    <ClInclude Include="Renderer\Shader\shader.h">
      <Filter>Header Files</Filter>
    </ClInclude>
    <ClInclude Include="Renderer\Texture\texture_handler.h">
      <Filter>Header Files</Filter>
    </ClInclude>
    <ClInclude Include="GameObjects\Player\player.h">
      <Filter>Header Files</Filter>
    </ClInclude>
    <ClInclude Include="Renderer\Window\window.h">
      <Filter>Header Files</Filter>
    </ClInclude>
    <ClInclude Include="Input\input.h">
      <Filter>Header Files</Filter>
    </ClInclude>
    <ClInclude Include="Input\event_queue.h">
      <Filter>Header Files</Filter>
    </ClInclude>
    <ClInclude Include="Input\event.h">
      <Filter>Header Files</Filter>
    </ClInclude>
    <ClInclude Include="Physics\physics.h">
      <Filter>Header Files</Filter>
    </ClInclude>
    <ClInclude Include="GameObjects\Track\track_handler.h">
      <Filter>Header Files</Filter>
    </ClInclude>
    <ClInclude Include="Renderer\Fonts\fonts.h">
      <Filter>Header Files</Filter>
    </ClInclude>
    <ClInclude Include="UI\ui.h">
      <Filter>Header Files</Filter>
    </ClInclude>
    <ClInclude Include="UI\Text\text.h">
      <Filter>Header Files</Filter>
    </ClInclude>
    <ClInclude Include="UI\Image\image.h">
      <Filter>Header Files</Filter>
    </ClInclude>
    <ClInclude Include="UI\Canvas\canvas.h">
      <Filter>Header Files</Filter>
    </ClInclude>
    <ClInclude Include="GameLoop\game_loop.h">
      <Filter>Header Files</Filter>
    </ClInclude>
    <ClInclude Include="UI\Button\button.h">
      <Filter>Header Files</Filter>
    </ClInclude>
    <ClInclude Include="GameManager\game_manager.h">
      <Filter>Header Files</Filter>
    </ClInclude>
  </ItemGroup>
  <ItemGroup>
    <None Include="Shaders\default.fag" />
    <None Include="Shaders\default.vag" />
    <None Include="Assets\Shaders\trail.fag" />
    <None Include="Assets\Shaders\Fonts\fonts.vag" />
    <None Include="Assets\Shaders\Fonts\fonts.fag" />
    <None Include="Assets\Shaders\Image\image.vag" />
    <None Include="Assets\Shaders\Image\image.fag" />
    <None Include="Assets\Shaders\Player\score_line.vag" />
    <None Include="Assets\Shaders\Player\score_line.fag" />
  </ItemGroup>
</Project>